
Microsoft Visual Studio Solution File, Format Version 12.00
# Visual Studio Version 16
VisualStudioVersion = 16.0.29709.97
MinimumVisualStudioVersion = 10.0.40219.1
Project("{FAE04EC0-301F-11D3-BF4B-00C04F79EFBC}") = "Loja.UI", "Loja.UI.csproj", "{E754C17B-406F-4111-ADA3-E9473D29D835}"
EndProject
Project("{FAE04EC0-301F-11D3-BF4B-00C04F79EFBC}") = "Loja.DAL", "..\Loja.DAL\Loja.DAL.csproj", "{F247AEBB-3C80-476A-96DD-75F1286AC0A6}"
EndProject
Project("{FAE04EC0-301F-11D3-BF4B-00C04F79EFBC}") = "Loja.BLL", "..\Loja.BLL\Loja.BLL.csproj", "{D31D2039-1435-4487-945E-ACA31EAF78D6}"
EndProject
Project("{FAE04EC0-301F-11D3-BF4B-00C04F79EFBC}") = "Loja.DTO", "..\Loja.DTO\Loja.DTO.csproj", "{67D6D6EE-2092-434B-B09A-97C70FD23303}"
EndProject
Global
	GlobalSection(SolutionConfigurationPlatforms) = preSolution
		Debug|Any CPU = Debug|Any CPU
		Debug|ARM = Debug|ARM
		Debug|ARM64 = Debug|ARM64
		Debug|x64 = Debug|x64
		Debug|x86 = Debug|x86
		Release|Any CPU = Release|Any CPU
		Release|ARM = Release|ARM
		Release|ARM64 = Release|ARM64
		Release|x64 = Release|x64
		Release|x86 = Release|x86
	EndGlobalSection
	GlobalSection(ProjectConfigurationPlatforms) = postSolution
		{E754C17B-406F-4111-ADA3-E9473D29D835}.Debug|Any CPU.ActiveCfg = Debug|Any CPU
		{E754C17B-406F-4111-ADA3-E9473D29D835}.Debug|Any CPU.Build.0 = Debug|Any CPU
		{E754C17B-406F-4111-ADA3-E9473D29D835}.Debug|ARM.ActiveCfg = Debug|Any CPU
		{E754C17B-406F-4111-ADA3-E9473D29D835}.Debug|ARM.Build.0 = Debug|Any CPU
		{E754C17B-406F-4111-ADA3-E9473D29D835}.Debug|ARM64.ActiveCfg = Debug|Any CPU
		{E754C17B-406F-4111-ADA3-E9473D29D835}.Debug|ARM64.Build.0 = Debug|Any CPU
		{E754C17B-406F-4111-ADA3-E9473D29D835}.Debug|x64.ActiveCfg = Debug|Any CPU
		{E754C17B-406F-4111-ADA3-E9473D29D835}.Debug|x64.Build.0 = Debug|Any CPU
		{E754C17B-406F-4111-ADA3-E9473D29D835}.Debug|x86.ActiveCfg = Debug|Any CPU
		{E754C17B-406F-4111-ADA3-E9473D29D835}.Debug|x86.Build.0 = Debug|Any CPU
		{E754C17B-406F-4111-ADA3-E9473D29D835}.Release|Any CPU.ActiveCfg = Release|Any CPU
		{E754C17B-406F-4111-ADA3-E9473D29D835}.Release|Any CPU.Build.0 = Release|Any CPU
		{E754C17B-406F-4111-ADA3-E9473D29D835}.Release|ARM.ActiveCfg = Release|Any CPU
		{E754C17B-406F-4111-ADA3-E9473D29D835}.Release|ARM.Build.0 = Release|Any CPU
		{E754C17B-406F-4111-ADA3-E9473D29D835}.Release|ARM64.ActiveCfg = Release|Any CPU
		{E754C17B-406F-4111-ADA3-E9473D29D835}.Release|ARM64.Build.0 = Release|Any CPU
		{E754C17B-406F-4111-ADA3-E9473D29D835}.Release|x64.ActiveCfg = Release|Any CPU
		{E754C17B-406F-4111-ADA3-E9473D29D835}.Release|x64.Build.0 = Release|Any CPU
		{E754C17B-406F-4111-ADA3-E9473D29D835}.Release|x86.ActiveCfg = Release|Any CPU
		{E754C17B-406F-4111-ADA3-E9473D29D835}.Release|x86.Build.0 = Release|Any CPU
		{F247AEBB-3C80-476A-96DD-75F1286AC0A6}.Debug|Any CPU.ActiveCfg = Debug|Any CPU
		{F247AEBB-3C80-476A-96DD-75F1286AC0A6}.Debug|Any CPU.Build.0 = Debug|Any CPU
		{F247AEBB-3C80-476A-96DD-75F1286AC0A6}.Debug|ARM.ActiveCfg = Debug|Any CPU
		{F247AEBB-3C80-476A-96DD-75F1286AC0A6}.Debug|ARM.Build.0 = Debug|Any CPU
		{F247AEBB-3C80-476A-96DD-75F1286AC0A6}.Debug|ARM64.ActiveCfg = Debug|Any CPU
		{F247AEBB-3C80-476A-96DD-75F1286AC0A6}.Debug|ARM64.Build.0 = Debug|Any CPU
		{F247AEBB-3C80-476A-96DD-75F1286AC0A6}.Debug|x64.ActiveCfg = Debug|Any CPU
		{F247AEBB-3C80-476A-96DD-75F1286AC0A6}.Debug|x64.Build.0 = Debug|Any CPU
		{F247AEBB-3C80-476A-96DD-75F1286AC0A6}.Debug|x86.ActiveCfg = Debug|Any CPU
		{F247AEBB-3C80-476A-96DD-75F1286AC0A6}.Debug|x86.Build.0 = Debug|Any CPU
		{F247AEBB-3C80-476A-96DD-75F1286AC0A6}.Release|Any CPU.ActiveCfg = Release|Any CPU
		{F247AEBB-3C80-476A-96DD-75F1286AC0A6}.Release|Any CPU.Build.0 = Release|Any CPU
		{F247AEBB-3C80-476A-96DD-75F1286AC0A6}.Release|ARM.ActiveCfg = Release|Any CPU
		{F247AEBB-3C80-476A-96DD-75F1286AC0A6}.Release|ARM.Build.0 = Release|Any CPU
		{F247AEBB-3C80-476A-96DD-75F1286AC0A6}.Release|ARM64.ActiveCfg = Release|Any CPU
		{F247AEBB-3C80-476A-96DD-75F1286AC0A6}.Release|ARM64.Build.0 = Release|Any CPU
		{F247AEBB-3C80-476A-96DD-75F1286AC0A6}.Release|x64.ActiveCfg = Release|Any CPU
		{F247AEBB-3C80-476A-96DD-75F1286AC0A6}.Release|x64.Build.0 = Release|Any CPU
		{F247AEBB-3C80-476A-96DD-75F1286AC0A6}.Release|x86.ActiveCfg = Release|Any CPU
		{F247AEBB-3C80-476A-96DD-75F1286AC0A6}.Release|x86.Build.0 = Release|Any CPU
		{D31D2039-1435-4487-945E-ACA31EAF78D6}.Debug|Any CPU.ActiveCfg = Debug|Any CPU
		{D31D2039-1435-4487-945E-ACA31EAF78D6}.Debug|Any CPU.Build.0 = Debug|Any CPU
		{D31D2039-1435-4487-945E-ACA31EAF78D6}.Debug|ARM.ActiveCfg = Debug|Any CPU
		{D31D2039-1435-4487-945E-ACA31EAF78D6}.Debug|ARM.Build.0 = Debug|Any CPU
		{D31D2039-1435-4487-945E-ACA31EAF78D6}.Debug|ARM64.ActiveCfg = Debug|Any CPU
		{D31D2039-1435-4487-945E-ACA31EAF78D6}.Debug|ARM64.Build.0 = Debug|Any CPU
		{D31D2039-1435-4487-945E-ACA31EAF78D6}.Debug|x64.ActiveCfg = Debug|Any CPU
		{D31D2039-1435-4487-945E-ACA31EAF78D6}.Debug|x64.Build.0 = Debug|Any CPU
		{D31D2039-1435-4487-945E-ACA31EAF78D6}.Debug|x86.ActiveCfg = Debug|Any CPU
		{D31D2039-1435-4487-945E-ACA31EAF78D6}.Debug|x86.Build.0 = Debug|Any CPU
		{D31D2039-1435-4487-945E-ACA31EAF78D6}.Release|Any CPU.ActiveCfg = Release|Any CPU
		{D31D2039-1435-4487-945E-ACA31EAF78D6}.Release|Any CPU.Build.0 = Release|Any CPU
		{D31D2039-1435-4487-945E-ACA31EAF78D6}.Release|ARM.ActiveCfg = Release|Any CPU
		{D31D2039-1435-4487-945E-ACA31EAF78D6}.Release|ARM.Build.0 = Release|Any CPU
		{D31D2039-1435-4487-945E-ACA31EAF78D6}.Release|ARM64.ActiveCfg = Release|Any CPU
		{D31D2039-1435-4487-945E-ACA31EAF78D6}.Release|ARM64.Build.0 = Release|Any CPU
		{D31D2039-1435-4487-945E-ACA31EAF78D6}.Release|x64.ActiveCfg = Release|Any CPU
		{D31D2039-1435-4487-945E-ACA31EAF78D6}.Release|x64.Build.0 = Release|Any CPU
		{D31D2039-1435-4487-945E-ACA31EAF78D6}.Release|x86.ActiveCfg = Release|Any CPU
		{D31D2039-1435-4487-945E-ACA31EAF78D6}.Release|x86.Build.0 = Release|Any CPU
		{67D6D6EE-2092-434B-B09A-97C70FD23303}.Debug|Any CPU.ActiveCfg = Debug|Any CPU
		{67D6D6EE-2092-434B-B09A-97C70FD23303}.Debug|Any CPU.Build.0 = Debug|Any CPU
		{67D6D6EE-2092-434B-B09A-97C70FD23303}.Debug|ARM.ActiveCfg = Debug|Any CPU
		{67D6D6EE-2092-434B-B09A-97C70FD23303}.Debug|ARM.Build.0 = Debug|Any CPU
		{67D6D6EE-2092-434B-B09A-97C70FD23303}.Debug|ARM64.ActiveCfg = Debug|Any CPU
		{67D6D6EE-2092-434B-B09A-97C70FD23303}.Debug|ARM64.Build.0 = Debug|Any CPU
		{67D6D6EE-2092-434B-B09A-97C70FD23303}.Debug|x64.ActiveCfg = Debug|Any CPU
		{67D6D6EE-2092-434B-B09A-97C70FD23303}.Debug|x64.Build.0 = Debug|Any CPU
		{67D6D6EE-2092-434B-B09A-97C70FD23303}.Debug|x86.ActiveCfg = Debug|Any CPU
		{67D6D6EE-2092-434B-B09A-97C70FD23303}.Debug|x86.Build.0 = Debug|Any CPU
		{67D6D6EE-2092-434B-B09A-97C70FD23303}.Release|Any CPU.ActiveCfg = Release|Any CPU
		{67D6D6EE-2092-434B-B09A-97C70FD23303}.Release|Any CPU.Build.0 = Release|Any CPU
		{67D6D6EE-2092-434B-B09A-97C70FD23303}.Release|ARM.ActiveCfg = Release|Any CPU
		{67D6D6EE-2092-434B-B09A-97C70FD23303}.Release|ARM.Build.0 = Release|Any CPU
		{67D6D6EE-2092-434B-B09A-97C70FD23303}.Release|ARM64.ActiveCfg = Release|Any CPU
		{67D6D6EE-2092-434B-B09A-97C70FD23303}.Release|ARM64.Build.0 = Release|Any CPU
		{67D6D6EE-2092-434B-B09A-97C70FD23303}.Release|x64.ActiveCfg = Release|Any CPU
		{67D6D6EE-2092-434B-B09A-97C70FD23303}.Release|x64.Build.0 = Release|Any CPU
		{67D6D6EE-2092-434B-B09A-97C70FD23303}.Release|x86.ActiveCfg = Release|Any CPU
		{67D6D6EE-2092-434B-B09A-97C70FD23303}.Release|x86.Build.0 = Release|Any CPU
	EndGlobalSection
	GlobalSection(SolutionProperties) = preSolution
		HideSolutionNode = FALSE
	EndGlobalSection
	GlobalSection(ExtensibilityGlobals) = postSolution
		SolutionGuid = {21A8B442-B1E8-436C-BBE8-C0A9ACE232C6}
	EndGlobalSection
EndGlobal
